
Microsoft Visual Studio Solution File, Format Version 12.00
# Visual Studio Version 16
VisualStudioVersion = 16.0.29613.14
MinimumVisualStudioVersion = 10.0.40219.1
Project("{888888A0-9F3D-457C-B088-3A5042F75D52}") = "DataProcess", "DataProcess.pyproj", "{B2A2CB52-25F6-4298-9AA2-188DDF9341C5}"
EndProject
Global
	GlobalSection(SolutionConfigurationPlatforms) = preSolution
		Debug|Any CPU = Debug|Any CPU
		Release|Any CPU = Release|Any CPU
	EndGlobalSection
	GlobalSection(ProjectConfigurationPlatforms) = postSolution
		{B2A2CB52-25F6-4298-9AA2-188DDF9341C5}.Debug|Any CPU.ActiveCfg = Debug|Any CPU
		{B2A2CB52-25F6-4298-9AA2-188DDF9341C5}.Release|Any CPU.ActiveCfg = Release|Any CPU
	EndGlobalSection
	GlobalSection(SolutionProperties) = preSolution
		HideSolutionNode = FALSE
	EndGlobalSection
	GlobalSection(ExtensibilityGlobals) = postSolution
		SolutionGuid = {EC692DA7-F2B5-4998-BD2E-A77F7EC38C9D}
	EndGlobalSection
EndGlobal
